
Microsoft Visual Studio Solution File, Format Version 12.00
# Visual Studio Version 16
VisualStudioVersion = 16.0.32002.261
MinimumVisualStudioVersion = 10.0.40219.1
Project("{8BC9CEB8-8B4A-11D0-8D11-00A0C91BC942}") = "pageant", "pageant\pageant.vcxproj", "{FCC23BDF-C70D-4C37-843A-1D3CF6F0F073}"
EndProject
Project("{8BC9CEB8-8B4A-11D0-8D11-00A0C91BC942}") = "plink", "plink\plink.vcxproj", "{911E1157-3B00-44D5-8D08-54E51AA40FFF}"
EndProject
Project("{8BC9CEB8-8B4A-11D0-8D11-00A0C91BC942}") = "pscp", "pscp\pscp.vcxproj", "{10733D24-76BD-47A9-B3BA-F5B604215263}"
EndProject
Project("{8BC9CEB8-8B4A-11D0-8D11-00A0C91BC942}") = "psftp", "psftp\psftp.vcxproj", "{FC391E85-4CC2-4048-BE1E-0AC72605F63C}"
EndProject
Project("{8BC9CEB8-8B4A-11D0-8D11-00A0C91BC942}") = "putty", "putty\putty.vcxproj", "{7C3FA4F2-77F0-48F4-AA38-B707BB6016B6}"
	ProjectSection(ProjectDependencies) = postProject
		{06FBB7DF-0F33-4DA7-BDFD-F8018C8DB2C3} = {06FBB7DF-0F33-4DA7-BDFD-F8018C8DB2C3}
	EndProjectSection
EndProject
Project("{8BC9CEB8-8B4A-11D0-8D11-00A0C91BC942}") = "puttygen", "puttygen\puttygen.vcxproj", "{675128DA-B6D3-446A-9EE3-FCF79EB86710}"
EndProject
Project("{8BC9CEB8-8B4A-11D0-8D11-00A0C91BC942}") = "puttytel", "puttytel\puttytel.vcxproj", "{6BEE9D7C-9790-4150-A60D-982C64FEBCC9}"
EndProject
Project("{8BC9CEB8-8B4A-11D0-8D11-00A0C91BC942}") = "testcrypt", "testcrypt\testcrypt.vcxproj", "{A3C27DB0-8AE6-4BED-BE53-CE43DB003148}"
EndProject
Project("{8BC9CEB8-8B4A-11D0-8D11-00A0C91BC942}") = "libpcre2-8-static", "libpcre-static\libpcre2-8-static.vcxproj", "{06FBB7DF-0F33-4DA7-BDFD-F8018C8DB2C3}"
EndProject
Global
	GlobalSection(SolutionConfigurationPlatforms) = preSolution
		Debug|x86 = Debug|x86
		Release|x86 = Release|x86
		Template|x86 = Template|x86
	EndGlobalSection
	GlobalSection(ProjectConfigurationPlatforms) = postSolution
		{FCC23BDF-C70D-4C37-843A-1D3CF6F0F073}.Debug|x86.ActiveCfg = Debug|Win32
		{FCC23BDF-C70D-4C37-843A-1D3CF6F0F073}.Debug|x86.Build.0 = Debug|Win32
		{FCC23BDF-C70D-4C37-843A-1D3CF6F0F073}.Release|x86.ActiveCfg = Release|Win32
		{FCC23BDF-C70D-4C37-843A-1D3CF6F0F073}.Release|x86.Build.0 = Release|Win32
		{FCC23BDF-C70D-4C37-843A-1D3CF6F0F073}.Template|x86.ActiveCfg = Release|Win32
		{FCC23BDF-C70D-4C37-843A-1D3CF6F0F073}.Template|x86.Build.0 = Release|Win32
		{911E1157-3B00-44D5-8D08-54E51AA40FFF}.Debug|x86.ActiveCfg = Debug|Win32
		{911E1157-3B00-44D5-8D08-54E51AA40FFF}.Debug|x86.Build.0 = Debug|Win32
		{911E1157-3B00-44D5-8D08-54E51AA40FFF}.Release|x86.ActiveCfg = Release|Win32
		{911E1157-3B00-44D5-8D08-54E51AA40FFF}.Release|x86.Build.0 = Release|Win32
		{911E1157-3B00-44D5-8D08-54E51AA40FFF}.Template|x86.ActiveCfg = Template|Win32
		{911E1157-3B00-44D5-8D08-54E51AA40FFF}.Template|x86.Build.0 = Template|Win32
		{10733D24-76BD-47A9-B3BA-F5B604215263}.Debug|x86.ActiveCfg = Debug|Win32
		{10733D24-76BD-47A9-B3BA-F5B604215263}.Debug|x86.Build.0 = Debug|Win32
		{10733D24-76BD-47A9-B3BA-F5B604215263}.Release|x86.ActiveCfg = Release|Win32
		{10733D24-76BD-47A9-B3BA-F5B604215263}.Release|x86.Build.0 = Release|Win32
		{10733D24-76BD-47A9-B3BA-F5B604215263}.Template|x86.ActiveCfg = Template|Win32
		{10733D24-76BD-47A9-B3BA-F5B604215263}.Template|x86.Build.0 = Template|Win32
		{FC391E85-4CC2-4048-BE1E-0AC72605F63C}.Debug|x86.ActiveCfg = Debug|Win32
		{FC391E85-4CC2-4048-BE1E-0AC72605F63C}.Debug|x86.Build.0 = Debug|Win32
		{FC391E85-4CC2-4048-BE1E-0AC72605F63C}.Release|x86.ActiveCfg = Release|Win32
		{FC391E85-4CC2-4048-BE1E-0AC72605F63C}.Release|x86.Build.0 = Release|Win32
		{FC391E85-4CC2-4048-BE1E-0AC72605F63C}.Template|x86.ActiveCfg = Template|Win32
		{FC391E85-4CC2-4048-BE1E-0AC72605F63C}.Template|x86.Build.0 = Template|Win32
		{7C3FA4F2-77F0-48F4-AA38-B707BB6016B6}.Debug|x86.ActiveCfg = Debug|Win32
		{7C3FA4F2-77F0-48F4-AA38-B707BB6016B6}.Debug|x86.Build.0 = Debug|Win32
		{7C3FA4F2-77F0-48F4-AA38-B707BB6016B6}.Release|x86.ActiveCfg = Release|Win32
		{7C3FA4F2-77F0-48F4-AA38-B707BB6016B6}.Release|x86.Build.0 = Release|Win32
		{7C3FA4F2-77F0-48F4-AA38-B707BB6016B6}.Template|x86.ActiveCfg = Template|Win32
		{7C3FA4F2-77F0-48F4-AA38-B707BB6016B6}.Template|x86.Build.0 = Template|Win32
		{675128DA-B6D3-446A-9EE3-FCF79EB86710}.Debug|x86.ActiveCfg = Debug|Win32
		{675128DA-B6D3-446A-9EE3-FCF79EB86710}.Debug|x86.Build.0 = Debug|Win32
		{675128DA-B6D3-446A-9EE3-FCF79EB86710}.Release|x86.ActiveCfg = Release|Win32
		{675128DA-B6D3-446A-9EE3-FCF79EB86710}.Release|x86.Build.0 = Release|Win32
		{675128DA-B6D3-446A-9EE3-FCF79EB86710}.Template|x86.ActiveCfg = Template|Win32
		{675128DA-B6D3-446A-9EE3-FCF79EB86710}.Template|x86.Build.0 = Template|Win32
		{6BEE9D7C-9790-4150-A60D-982C64FEBCC9}.Debug|x86.ActiveCfg = Debug|Win32
		{6BEE9D7C-9790-4150-A60D-982C64FEBCC9}.Debug|x86.Build.0 = Debug|Win32
		{6BEE9D7C-9790-4150-A60D-982C64FEBCC9}.Release|x86.ActiveCfg = Release|Win32
		{6BEE9D7C-9790-4150-A60D-982C64FEBCC9}.Release|x86.Build.0 = Release|Win32
		{6BEE9D7C-9790-4150-A60D-982C64FEBCC9}.Template|x86.ActiveCfg = Template|Win32
		{6BEE9D7C-9790-4150-A60D-982C64FEBCC9}.Template|x86.Build.0 = Template|Win32
		{A3C27DB0-8AE6-4BED-BE53-CE43DB003148}.Debug|x86.ActiveCfg = Debug|Win32
		{A3C27DB0-8AE6-4BED-BE53-CE43DB003148}.Debug|x86.Build.0 = Debug|Win32
		{A3C27DB0-8AE6-4BED-BE53-CE43DB003148}.Release|x86.ActiveCfg = Release|Win32
		{A3C27DB0-8AE6-4BED-BE53-CE43DB003148}.Release|x86.Build.0 = Release|Win32
		{A3C27DB0-8AE6-4BED-BE53-CE43DB003148}.Template|x86.ActiveCfg = Template|Win32
		{A3C27DB0-8AE6-4BED-BE53-CE43DB003148}.Template|x86.Build.0 = Template|Win32
		{06FBB7DF-0F33-4DA7-BDFD-F8018C8DB2C3}.Debug|x86.ActiveCfg = Debug|Win32
		{06FBB7DF-0F33-4DA7-BDFD-F8018C8DB2C3}.Debug|x86.Build.0 = Debug|Win32
		{06FBB7DF-0F33-4DA7-BDFD-F8018C8DB2C3}.Release|x86.ActiveCfg = Release|Win32
		{06FBB7DF-0F33-4DA7-BDFD-F8018C8DB2C3}.Release|x86.Build.0 = Release|Win32
		{06FBB7DF-0F33-4DA7-BDFD-F8018C8DB2C3}.Template|x86.ActiveCfg = Release|Win32
		{06FBB7DF-0F33-4DA7-BDFD-F8018C8DB2C3}.Template|x86.Build.0 = Release|Win32
	EndGlobalSection
	GlobalSection(SolutionProperties) = preSolution
		HideSolutionNode = FALSE
	EndGlobalSection
	GlobalSection(ExtensibilityGlobals) = postSolution
		SolutionGuid = {12235A9A-9BB1-494D-80D9-EB05C331C37B}
	EndGlobalSection
EndGlobal
